<?xml version="1.0" encoding="utf-8"?>
<Project ToolsVersion="4.0" xmlns="http://schemas.microsoft.com/developer/msbuild/2003">
  <ItemGroup>
    <Filter Include="Resource Files">
      <UniqueIdentifier>{67DA6AB6-F800-4c08-8B7A-83BB121AAD01}</UniqueIdentifier>
      <Extensions>rc;ico;cur;bmp;dlg;rc2;rct;bin;rgs;gif;jpg;jpeg;jpe;resx;tiff;tif;png;wav;mfcribbon-ms</Extensions>
    </Filter>
    <Filter Include="Package">
      <UniqueIdentifier>{4FC737F1-C7A5-4376-A066-2A32D752A2FF}</UniqueIdentifier>
      <Extensions>cpp;c;cc;cxx;def;odl;idl;hpj;bat;asm;asmx</Extensions>
    </Filter>
    <Filter Include="Package\Sdk">
      <UniqueIdentifier>{d9a17efc-851d-4309-87cc-484ee6162d2d}</UniqueIdentifier>
    </Filter>
    <Filter Include="Package\Exceptions">
      <UniqueIdentifier>{168452eb-e53d-48ce-974c-679ad609df1e}</UniqueIdentifier>
    </Filter>
    <Filter Include="Package\Exceptions\AmazingException">
      <UniqueIdentifier>{ff7f9d5c-7225-4700-a8bb-986dfa4ddfbb}</UniqueIdentifier>
    </Filter>
    <Filter Include="Package\Exceptions\WinApiException">
      <UniqueIdentifier>{e9323fdc-a1c6-4251-9934-4c36766ac3d3}</UniqueIdentifier>
    </Filter>
    <Filter Include="Package\Loggers">
      <UniqueIdentifier>{ae9e93cf-cbb7-4dc3-afcb-1f8638650619}</UniqueIdentifier>
    </Filter>
    <Filter Include="Package\Surpriser">
      <UniqueIdentifier>{eee844e6-5121-4b3d-9cd8-6529e500cf0b}</UniqueIdentifier>
    </Filter>
    <Filter Include="Package\Loggers\ConsoleLogger">
      <UniqueIdentifier>{f05004d4-9fbf-4ded-95a7-4ce2cfe2e5ec}</UniqueIdentifier>
    </Filter>
    <Filter Include="Package\Interfaces">
      <UniqueIdentifier>{b294f06a-34d8-4226-b4ce-df9d61e79a28}</UniqueIdentifier>
    </Filter>
    <Filter Include="Package\Hooks">
      <UniqueIdentifier>{650e2f61-a5f7-4d14-afe2-fb9283f0de7a}</UniqueIdentifier>
    </Filter>
    <Filter Include="Package\Hooks\InterfaceHooker">
      <UniqueIdentifier>{7aec5fbb-ceee-426e-b453-6adcd96c77c0}</UniqueIdentifier>
    </Filter>
    <Filter Include="Package\Guards">
      <UniqueIdentifier>{c9a2bbfa-73cb-4e04-96b7-ff1344b7a506}</UniqueIdentifier>
    </Filter>
    <Filter Include="Package\Guards\MemoryProtectGuard">
      <UniqueIdentifier>{9d703a74-7eff-48e0-98cb-7cdabd060d40}</UniqueIdentifier>
    </Filter>
    <Filter Include="Package\Hooks\Functions">
      <UniqueIdentifier>{82708b98-50b8-49f4-ba4f-b96caa675e70}</UniqueIdentifier>
    </Filter>
    <Filter Include="Package\Hooks\Functions\CreateMoveHooker">
      <UniqueIdentifier>{f3cb5550-9de8-4a97-9937-5868c80e6c8a}</UniqueIdentifier>
    </Filter>
    <Filter Include="Package\Presents">
      <UniqueIdentifier>{664b3a07-e6ec-415f-ad1f-94d1d0bca0e5}</UniqueIdentifier>
    </Filter>
    <Filter Include="Package\Presents\BunnyHop">
      <UniqueIdentifier>{c97ad401-b9cd-4369-a7a2-384522971127}</UniqueIdentifier>
    </Filter>
    <Filter Include="Package\Sdk\Other">
      <UniqueIdentifier>{fbfeb4db-04c3-4237-94e1-ffd13c8afade}</UniqueIdentifier>
    </Filter>
    <Filter Include="Package\Hooks\Functions\DoPostScreenEffectsHooker">
      <UniqueIdentifier>{8a502998-668e-4747-a23c-99ad8a7a3f95}</UniqueIdentifier>
    </Filter>
    <Filter Include="Package\Presents\Glower">
      <UniqueIdentifier>{41e677ad-18dc-45fa-98df-90c096196261}</UniqueIdentifier>
    </Filter>
    <Filter Include="Package\Loggers\MockLogger">
      <UniqueIdentifier>{5de84cde-97f1-4b06-92fb-ffa5953e67bf}</UniqueIdentifier>
    </Filter>
  </ItemGroup>
  <ItemGroup>
    <ClCompile Include="valve_sdk\misc\characterset.cpp">
      <Filter>Package\Sdk</Filter>
    </ClCompile>
    <ClCompile Include="valve_sdk\misc\checksum_crc.cpp">
      <Filter>Package\Sdk</Filter>
    </ClCompile>
    <ClCompile Include="valve_sdk\misc\checksum_md5.cpp">
      <Filter>Package\Sdk</Filter>
    </ClCompile>
    <ClCompile Include="valve_sdk\misc\Color.cpp">
      <Filter>Package\Sdk</Filter>
    </ClCompile>
    <ClCompile Include="valve_sdk\misc\Convar.cpp">
      <Filter>Package\Sdk</Filter>
    </ClCompile>
    <ClCompile Include="valve_sdk\misc\UtlBuffer.cpp">
      <Filter>Package\Sdk</Filter>
    </ClCompile>
    <ClCompile Include="valve_sdk\misc\UtlString.cpp">
      <Filter>Package\Sdk</Filter>
    </ClCompile>
    <ClCompile Include="valve_sdk\math\Vector2D.cpp">
      <Filter>Package\Sdk</Filter>
    </ClCompile>
    <ClCompile Include="valve_sdk\math\Vector4D.cpp">
      <Filter>Package\Sdk</Filter>
    </ClCompile>
    <ClCompile Include="valve_sdk\math\VMatrix.cpp">
      <Filter>Package\Sdk</Filter>
    </ClCompile>
    <ClCompile Include="main.cpp">
      <Filter>Package</Filter>
    </ClCompile>
    <ClCompile Include="Interfaces.cpp">
      <Filter>Package\Interfaces</Filter>
    </ClCompile>
    <ClCompile Include="AmazingException.cpp">
      <Filter>Package\Exceptions\AmazingException</Filter>
    </ClCompile>
    <ClCompile Include="WinApiException.cpp">
      <Filter>Package\Exceptions\WinApiException</Filter>
    </ClCompile>
    <ClCompile Include="Surpriser.cpp">
      <Filter>Package\Surpriser</Filter>
    </ClCompile>
    <ClCompile Include="LoggerHelper.cpp">
      <Filter>Package\Loggers</Filter>
    </ClCompile>
    <ClCompile Include="ConsoleLogger.cpp">
      <Filter>Package\Loggers\ConsoleLogger</Filter>
    </ClCompile>
    <ClCompile Include="MemoryProtectGuard.cpp">
      <Filter>Package\Guards\MemoryProtectGuard</Filter>
    </ClCompile>
    <ClCompile Include="InterfaceHooker.cpp">
      <Filter>Package\Hooks\InterfaceHooker</Filter>
    </ClCompile>
    <ClCompile Include="CreateMoveHooker.cpp">
      <Filter>Package\Hooks\Functions\CreateMoveHooker</Filter>
    </ClCompile>
    <ClCompile Include="BunnyHopper.cpp">
      <Filter>Package\Presents\BunnyHop</Filter>
    </ClCompile>
    <ClCompile Include="netvars.cpp">
      <Filter>Package\Sdk\Other</Filter>
    </ClCompile>
    <ClCompile Include="DoPostScreenEffectsHooker.cpp">
      <Filter>Package\Hooks\Functions\DoPostScreenEffectsHooker</Filter>
    </ClCompile>
    <ClCompile Include="Glower.cpp">
      <Filter>Package\Presents\Glower</Filter>
    </ClCompile>
    <ClCompile Include="customstructs.cpp">
      <Filter>Package\Sdk\Other</Filter>
    </ClCompile>
    <ClCompile Include="Math.cpp">
      <Filter>Package\Sdk\Other</Filter>
    </ClCompile>
    <ClCompile Include="MockLogger.cpp">
      <Filter>Package\Loggers\MockLogger</Filter>
    </ClCompile>
  </ItemGroup>
  <ItemGroup>
    <ClInclude Include="valve_sdk\misc\BaseHandle.hpp">
      <Filter>Package\Sdk</Filter>
    </ClInclude>
    <ClInclude Include="valve_sdk\interfaces\CClientState.hpp">
      <Filter>Package\Sdk</Filter>
    </ClInclude>
    <ClInclude Include="valve_sdk\misc\characterset.hpp">
      <Filter>Package\Sdk</Filter>
    </ClInclude>
    <ClInclude Include="valve_sdk\misc\checksum_crc.hpp">
      <Filter>Package\Sdk</Filter>
    </ClInclude>
    <ClInclude Include="valve_sdk\misc\checksum_md5.hpp">
      <Filter>Package\Sdk</Filter>
    </ClInclude>
    <ClInclude Include="valve_sdk\interfaces\CInput.hpp">
      <Filter>Package\Sdk</Filter>
    </ClInclude>
    <ClInclude Include="valve_sdk\misc\ClientClass.hpp">
      <Filter>Package\Sdk</Filter>
    </ClInclude>
    <ClInclude Include="valve_sdk\misc\Color.hpp">
      <Filter>Package\Sdk</Filter>
    </ClInclude>
    <ClInclude Include="valve_sdk\misc\Convar.hpp">
      <Filter>Package\Sdk</Filter>
    </ClInclude>
    <ClInclude Include="valve_sdk\misc\CUserCmd.hpp">
      <Filter>Package\Sdk</Filter>
    </ClInclude>
    <ClInclude Include="valve_sdk\misc\EHandle.hpp">
      <Filter>Package\Sdk</Filter>
    </ClInclude>
    <ClInclude Include="valve_sdk\misc\Enums.hpp">
      <Filter>Package\Sdk</Filter>
    </ClInclude>
    <ClInclude Include="valve_sdk\misc\GlobalVars.hpp">
      <Filter>Package\Sdk</Filter>
    </ClInclude>
    <ClInclude Include="valve_sdk\misc\glow_outline_effect.hpp">
      <Filter>Package\Sdk</Filter>
    </ClInclude>
    <ClInclude Include="valve_sdk\interfaces\IAppSystem.hpp">
      <Filter>Package\Sdk</Filter>
    </ClInclude>
    <ClInclude Include="valve_sdk\interfaces\IBaseClientDll.hpp">
      <Filter>Package\Sdk</Filter>
    </ClInclude>
    <ClInclude Include="valve_sdk\interfaces\IClientEntity.hpp">
      <Filter>Package\Sdk</Filter>
    </ClInclude>
    <ClInclude Include="valve_sdk\interfaces\IClientEntityList.hpp">
      <Filter>Package\Sdk</Filter>
    </ClInclude>
    <ClInclude Include="valve_sdk\interfaces\IClientMode.hpp">
      <Filter>Package\Sdk</Filter>
    </ClInclude>
    <ClInclude Include="valve_sdk\interfaces\IClientNetworkable.hpp">
      <Filter>Package\Sdk</Filter>
    </ClInclude>
    <ClInclude Include="valve_sdk\interfaces\IClientRenderable.hpp">
      <Filter>Package\Sdk</Filter>
    </ClInclude>
    <ClInclude Include="valve_sdk\interfaces\IClientThinkable.hpp">
      <Filter>Package\Sdk</Filter>
    </ClInclude>
    <ClInclude Include="valve_sdk\interfaces\IClientUnknown.hpp">
      <Filter>Package\Sdk</Filter>
    </ClInclude>
    <ClInclude Include="valve_sdk\interfaces\ICollideable.hpp">
      <Filter>Package\Sdk</Filter>
    </ClInclude>
    <ClInclude Include="valve_sdk\interfaces\IConVar.hpp">
      <Filter>Package\Sdk</Filter>
    </ClInclude>
    <ClInclude Include="valve_sdk\interfaces\ICvar.hpp">
      <Filter>Package\Sdk</Filter>
    </ClInclude>
    <ClInclude Include="valve_sdk\interfaces\IEngineSound.hpp">
      <Filter>Package\Sdk</Filter>
    </ClInclude>
    <ClInclude Include="valve_sdk\interfaces\IEngineTrace.hpp">
      <Filter>Package\Sdk</Filter>
    </ClInclude>
    <ClInclude Include="valve_sdk\interfaces\IGameEventmanager.hpp">
      <Filter>Package\Sdk</Filter>
    </ClInclude>
    <ClInclude Include="valve_sdk\misc\IHandleEntity.hpp">
      <Filter>Package\Sdk</Filter>
    </ClInclude>
    <ClInclude Include="valve_sdk\interfaces\IMaterialSystem.hpp">
      <Filter>Package\Sdk</Filter>
    </ClInclude>
    <ClInclude Include="valve_sdk\interfaces\IMDLCache.hpp">
      <Filter>Package\Sdk</Filter>
    </ClInclude>
    <ClInclude Include="valve_sdk\interfaces\IMoveHelper.hpp">
      <Filter>Package\Sdk</Filter>
    </ClInclude>
    <ClInclude Include="valve_sdk\interfaces\IPanel.hpp">
      <Filter>Package\Sdk</Filter>
    </ClInclude>
    <ClInclude Include="valve_sdk\interfaces\IPhysics.hpp">
      <Filter>Package\Sdk</Filter>
    </ClInclude>
    <ClInclude Include="valve_sdk\interfaces\IPrediction.hpp">
      <Filter>Package\Sdk</Filter>
    </ClInclude>
    <ClInclude Include="valve_sdk\interfaces\IRenderView.hpp">
      <Filter>Package\Sdk</Filter>
    </ClInclude>
    <ClInclude Include="valve_sdk\interfaces\ISurface.hpp">
      <Filter>Package\Sdk</Filter>
    </ClInclude>
    <ClInclude Include="valve_sdk\interfaces\IVDebugOverlay.hpp">
      <Filter>Package\Sdk</Filter>
    </ClInclude>
    <ClInclude Include="valve_sdk\interfaces\IVEngineClient.hpp">
      <Filter>Package\Sdk</Filter>
    </ClInclude>
    <ClInclude Include="valve_sdk\interfaces\IViewRender.hpp">
      <Filter>Package\Sdk</Filter>
    </ClInclude>
    <ClInclude Include="valve_sdk\interfaces\IVModelInfoClient.hpp">
      <Filter>Package\Sdk</Filter>
    </ClInclude>
    <ClInclude Include="valve_sdk\interfaces\IVModelRender.hpp">
      <Filter>Package\Sdk</Filter>
    </ClInclude>
    <ClInclude Include="valve_sdk\misc\platform.hpp">
      <Filter>Package\Sdk</Filter>
    </ClInclude>
    <ClInclude Include="valve_sdk\math\QAngle.hpp">
      <Filter>Package\Sdk</Filter>
    </ClInclude>
    <ClInclude Include="valve_sdk\misc\Recv.hpp">
      <Filter>Package\Sdk</Filter>
    </ClInclude>
    <ClInclude Include="valve_sdk\misc\Studio.hpp">
      <Filter>Package\Sdk</Filter>
    </ClInclude>
    <ClInclude Include="valve_sdk\misc\UtlBuffer.hpp">
      <Filter>Package\Sdk</Filter>
    </ClInclude>
    <ClInclude Include="valve_sdk\misc\UtlMemory.hpp">
      <Filter>Package\Sdk</Filter>
    </ClInclude>
    <ClInclude Include="valve_sdk\misc\UtlString.hpp">
      <Filter>Package\Sdk</Filter>
    </ClInclude>
    <ClInclude Include="valve_sdk\misc\UtlVector.hpp">
      <Filter>Package\Sdk</Filter>
    </ClInclude>
    <ClInclude Include="valve_sdk\math\Vector.hpp">
      <Filter>Package\Sdk</Filter>
    </ClInclude>
    <ClInclude Include="valve_sdk\math\Vector2D.hpp">
      <Filter>Package\Sdk</Filter>
    </ClInclude>
    <ClInclude Include="valve_sdk\math\Vector4D.hpp">
      <Filter>Package\Sdk</Filter>
    </ClInclude>
    <ClInclude Include="valve_sdk\misc\vfunc.hpp">
      <Filter>Package\Sdk</Filter>
    </ClInclude>
    <ClInclude Include="valve_sdk\math\VMatrix.hpp">
      <Filter>Package\Sdk</Filter>
    </ClInclude>
    <ClInclude Include="AmazingException.h">
      <Filter>Package\Exceptions\AmazingException</Filter>
    </ClInclude>
    <ClInclude Include="WinApiException.h">
      <Filter>Package\Exceptions\WinApiException</Filter>
    </ClInclude>
    <ClInclude Include="ILogger.h">
      <Filter>Package\Loggers</Filter>
    </ClInclude>
    <ClInclude Include="Surpriser.h">
      <Filter>Package\Surpriser</Filter>
    </ClInclude>
    <ClInclude Include="LoggerHelper.h">
      <Filter>Package\Loggers</Filter>
    </ClInclude>
    <ClInclude Include="ConsoleLogger.h">
      <Filter>Package\Loggers\ConsoleLogger</Filter>
    </ClInclude>
    <ClInclude Include="MemoryProtectGuard.h">
      <Filter>Package\Guards\MemoryProtectGuard</Filter>
    </ClInclude>
    <ClInclude Include="InterfaceHooker.h">
      <Filter>Package\Hooks\InterfaceHooker</Filter>
    </ClInclude>
    <ClInclude Include="IHooker.h">
      <Filter>Package\Hooks</Filter>
    </ClInclude>
    <ClInclude Include="CreateMoveHooker.h">
      <Filter>Package\Hooks\Functions\CreateMoveHooker</Filter>
    </ClInclude>
    <ClInclude Include="BunnyHopper.h">
      <Filter>Package\Presents\BunnyHop</Filter>
    </ClInclude>
    <ClInclude Include="Interfaces.h">
      <Filter>Package\Interfaces</Filter>
    </ClInclude>
    <ClInclude Include="valve_sdk\singleton.hpp">
      <Filter>Package\Sdk</Filter>
    </ClInclude>
    <ClInclude Include="customstructs.hpp">
      <Filter>Package\Sdk\Other</Filter>
    </ClInclude>
    <ClInclude Include="netvars.hpp">
      <Filter>Package\Sdk\Other</Filter>
    </ClInclude>
    <ClInclude Include="singleton.hpp">
      <Filter>Package\Sdk\Other</Filter>
    </ClInclude>
    <ClInclude Include="DoPostScreenEffectsHooker.h">
      <Filter>Package\Hooks\Functions\DoPostScreenEffectsHooker</Filter>
    </ClInclude>
    <ClInclude Include="Glower.h">
      <Filter>Package\Presents\Glower</Filter>
    </ClInclude>
    <ClInclude Include="Math.hpp">
      <Filter>Package\Sdk\Other</Filter>
    </ClInclude>
    <ClInclude Include="MockLogger.h">
      <Filter>Package\Loggers\MockLogger</Filter>
    </ClInclude>
  </ItemGroup>
</Project>